
Microsoft Visual Studio Solution File, Format Version 12.00
# Visual Studio Version 16
VisualStudioVersion = 16.0.29215.179
MinimumVisualStudioVersion = 10.0.40219.1
Project("{FAE04EC0-301F-11D3-BF4B-00C04F79EFBC}") = "airHockey", "airHockey\airHockey.csproj", "{DF9D0D81-06F1-4E6E-9B06-35623329A93F}"
EndProject
Global
	GlobalSection(SolutionConfigurationPlatforms) = preSolution
		Debug|Any CPU = Debug|Any CPU
		Release|Any CPU = Release|Any CPU
	EndGlobalSection
	GlobalSection(ProjectConfigurationPlatforms) = postSolution
		{DF9D0D81-06F1-4E6E-9B06-35623329A93F}.Debug|Any CPU.ActiveCfg = Debug|Any CPU
		{DF9D0D81-06F1-4E6E-9B06-35623329A93F}.Debug|Any CPU.Build.0 = Debug|Any CPU
		{DF9D0D81-06F1-4E6E-9B06-35623329A93F}.Release|Any CPU.ActiveCfg = Release|Any CPU
		{DF9D0D81-06F1-4E6E-9B06-35623329A93F}.Release|Any CPU.Build.0 = Release|Any CPU
	EndGlobalSection
	GlobalSection(SolutionProperties) = preSolution
		HideSolutionNode = FALSE
	EndGlobalSection
	GlobalSection(ExtensibilityGlobals) = postSolution
		SolutionGuid = {124C9D54-3999-40F1-84BE-0B6A819F5A62}
	EndGlobalSection
EndGlobal
